
Microsoft Visual Studio Solution File, Format Version 12.00
# Visual Studio Version 17
VisualStudioVersion = 17.9.34622.214
MinimumVisualStudioVersion = 10.0.40219.1
Project("{FAE04EC0-301F-11D3-BF4B-00C04F79EFBC}") = "ConsoleApp11", "ConsoleApp11\ConsoleApp11.csproj", "{1CA69A2F-542D-4519-9150-A800D3753B1E}"
EndProject
Global
	GlobalSection(SolutionConfigurationPlatforms) = preSolution
		Debug|Any CPU = Debug|Any CPU
		Release|Any CPU = Release|Any CPU
	EndGlobalSection
	GlobalSection(ProjectConfigurationPlatforms) = postSolution
		{1CA69A2F-542D-4519-9150-A800D3753B1E}.Debug|Any CPU.ActiveCfg = Debug|Any CPU
		{1CA69A2F-542D-4519-9150-A800D3753B1E}.Debug|Any CPU.Build.0 = Debug|Any CPU
		{1CA69A2F-542D-4519-9150-A800D3753B1E}.Release|Any CPU.ActiveCfg = Release|Any CPU
		{1CA69A2F-542D-4519-9150-A800D3753B1E}.Release|Any CPU.Build.0 = Release|Any CPU
	EndGlobalSection
	GlobalSection(SolutionProperties) = preSolution
		HideSolutionNode = FALSE
	EndGlobalSection
	GlobalSection(ExtensibilityGlobals) = postSolution
		SolutionGuid = {B87409FF-0E01-4170-A95E-1DA6E20C93F2}
	EndGlobalSection
EndGlobal
